{"filter":false,"title":"Gemfile.lock","tooltip":"/first_app/Gemfile.lock","undoManager":{"mark":-1,"position":-1,"stack":[]},"ace":{"folds":[],"scrolltop":0,"scrollleft":0,"selection":{"start":{"row":0,"column":0},"end":{"row":0,"column":0},"isBackwards":false},"options":{"guessTabSize":true,"useWrapMode":false,"wrapToView":true},"firstLineState":0},"timestamp":1524469008703,"hash":"ba98800ae06f8b836caacb8297b7e51c13dec8f9"}